{
  "name": "ci-provider-benchmark-kit",
  "version": "0.1.0",
  "lockfileVersion": 3,
  "requires": true,
  "packages": {
    "": {
      "name": "ci-provider-benchmark-kit",
      "version": "0.1.0",
      "workspaces": [
        "workloads/small-node",
        "workloads/monorepo/packages/*"
      ],
      "engines": {
        "node": ">=20"
      }
    },
    "node_modules/@ci-bench/package-01": {
      "resolved": "workloads/monorepo/packages/package-01",
      "link": true
    },
    "node_modules/@ci-bench/package-02": {
      "resolved": "workloads/monorepo/packages/package-02",
      "link": true
    },
    "node_modules/@ci-bench/package-03": {
      "resolved": "workloads/monorepo/packages/package-03",
      "link": true
    },
    "node_modules/@ci-bench/package-04": {
      "resolved": "workloads/monorepo/packages/package-04",
      "link": true
    },
    "node_modules/@ci-bench/package-05": {
      "resolved": "workloads/monorepo/packages/package-05",
      "link": true
    },
    "node_modules/@ci-bench/package-06": {
      "resolved": "workloads/monorepo/packages/package-06",
      "link": true
    },
    "node_modules/@ci-bench/small-node": {
      "resolved": "workloads/small-node",
      "link": true
    },
    "workloads/monorepo/packages/package-01": {
      "name": "@ci-bench/package-01",
      "version": "1.0.0"
    },
    "workloads/monorepo/packages/package-02": {
      "name": "@ci-bench/package-02",
      "version": "1.0.0"
    },
    "workloads/monorepo/packages/package-03": {
      "name": "@ci-bench/package-03",
      "version": "1.0.0"
    },
    "workloads/monorepo/packages/package-04": {
      "name": "@ci-bench/package-04",
      "version": "1.0.0"
    },
    "workloads/monorepo/packages/package-05": {
      "name": "@ci-bench/package-05",
      "version": "1.0.0"
    },
    "workloads/monorepo/packages/package-06": {
      "name": "@ci-bench/package-06",
      "version": "1.0.0"
    },
    "workloads/small-node": {
      "name": "@ci-bench/small-node",
      "version": "1.0.0"
    }
  }
}
